Microsoft Visual Studio Solution File, Format Version 12.00
# Visual Studio Version 17
VisualStudioVersion = 17.5.002.0
MinimumVisualStudioVersion = 10.0.40219.1
Project("{2150E333-8FDC-42A3-9474-1A3956D46DE8}") = "src", "src", "{3F2A9C1E-6D4B-4E8A-9C7D-1A2B3C4D5E6F}"
EndProject
Project("{2150E333-8FDC-42A3-9474-1A3956D46DE8}") = "tests", "tests", "{7E6D5C4B-3A29-4180-B1C2-D3E4F5A6B7C8}"
EndProject
Project("{9A19103F-16F7-4668-BE54-9A1E7A4F7556}") = "SharpView", "src\SharpView\SharpView.csproj", "{B8C7D6E5-F4A3-4291-8071-625344332211}"
EndProject
Project("{9A19103F-16F7-4668-BE54-9A1E7A4F7556}") = "SharpView.Tests", "tests\SharpView.Tests\SharpView.Tests.csproj", "{C9D8E7F6-A5B4-43A2-9182-736455443322}"
EndProject
Global
	GlobalSection(SolutionConfigurationPlatforms) = preSolution
		Debug|Any CPU = Debug|Any CPU
		Release|Any CPU = Release|Any CPU
	EndGlobalSection
	GlobalSection(ProjectConfigurationPlatforms) = postSolution
		{B8C7D6E5-F4A3-4291-8071-625344332211}.Debug|Any CPU.ActiveCfg = Debug|Any CPU
		{B8C7D6E5-F4A3-4291-8071-625344332211}.Debug|Any CPU.Build.0 = Debug|Any CPU
		{B8C7D6E5-F4A3-4291-8071-625344332211}.Release|Any CPU.ActiveCfg = Release|Any CPU
		{B8C7D6E5-F4A3-4291-8071-625344332211}.Release|Any CPU.Build.0 = Release|Any CPU
		{C9D8E7F6-A5B4-43A2-9182-736455443322}.Debug|Any CPU.ActiveCfg = Debug|Any CPU
		{C9D8E7F6-A5B4-43A2-9182-736455443322}.Debug|Any CPU.Build.0 = Debug|Any CPU
		{C9D8E7F6-A5B4-43A2-9182-736455443322}.Release|Any CPU.ActiveCfg = Release|Any CPU
		{C9D8E7F6-A5B4-43A2-9182-736455443322}.Release|Any CPU.Build.0 = Release|Any CPU
	EndGlobalSection
	GlobalSection(SolutionProperties) = preSolution
		HideSolutionNode = FALSE
	EndGlobalSection
	GlobalSection(NestedProjects) = preSolution
		{B8C7D6E5-F4A3-4291-8071-625344332211} = {3F2A9C1E-6D4B-4E8A-9C7D-1A2B3C4D5E6F}
		{C9D8E7F6-A5B4-43A2-9182-736455443322} = {7E6D5C4B-3A29-4180-B1C2-D3E4F5A6B7C8}
	EndGlobalSection
EndGlobal
